// !$*UTF8*$!
{
	archiveVersion = 1;
	classes = {
	};
	objectVersion = 46;
	objects = {

/* Begin PBXBuildFile section */
		4CB812AD16A64359008B08E0 /* UIKit.framework in Frameworks */ = {isa = PBXBuildFile; fileRef = 4CB812AC16A64359008B08E0 /* UIKit.framework */; };
		4CB812AF16A64359008B08E0 /* Foundation.framework in Frameworks */ = {isa = PBXBuildFile; fileRef = 4CB812AE16A64359008B08E0 /* Foundation.framework */; };
		4CB812B116A64359008B08E0 /* CoreGraphics.framework in Frameworks */ = {isa = PBXBuildFile; fileRef = 4CB812B016A64359008B08E0 /* CoreGraphics.framework */; };
		4CB812B716A64359008B08E0 /* InfoPlist.strings in Resources */ = {isa = PBXBuildFile; fileRef = 4CB812B516A64359008B08E0 /* InfoPlist.strings */; };
		4CB812B916A64359008B08E0 /* main.m in Sources */ = {isa = PBXBuildFile; fileRef = 4CB812B816A64359008B08E0 /* main.m */; };
		4CB812BD16A64359008B08E0 /* AppDelegate.m in Sources */ = {isa = PBXBuildFile; fileRef = 4CB812BC16A64359008B08E0 /* AppDelegate.m */; };
		4CB812BF16A64359008B08E0 /* Default.png in Resources */ = {isa = PBXBuildFile; fileRef = 4CB812BE16A64359008B08E0 /* Default.png */; };
		4CB812C116A6435A008B08E0 /* Default@2x.png in Resources */ = {isa = PBXBuildFile; fileRef = 4CB812C016A6435A008B08E0 /* Default@2x.png */; };
		4CB812C316A6435A008B08E0 /* Default-568h@2x.png in Resources */ = {isa = PBXBuildFile; fileRef = 4CB812C216A6435A008B08E0 /* Default-568h@2x.png */; };
		4CB812C616A6435A008B08E0 /* ViewController.m in Sources */ = {isa = PBXBuildFile; fileRef = 4CB812C516A6435A008B08E0 /* ViewController.m */; };
		4CB812C916A6435A008B08E0 /* ViewController.xib in Resources */ = {isa = PBXBuildFile; fileRef = 4CB812C716A6435A008B08E0 /* ViewController.xib */; };
		4CB812D016A6479A008B08E0 /* MapKit.framework in Frameworks */ = {isa = PBXBuildFile; fileRef = 4CB812CF16A6479A008B08E0 /* MapKit.framework */; };
		4CB812D616A648F7008B08E0 /* MapViewController.m in Sources */ = {isa = PBXBuildFile; fileRef = 4CB812D416A648F7008B08E0 /* MapViewController.m */; };
		4CB812D716A648F7008B08E0 /* MapViewController.xib in Resources */ = {isa = PBXBuildFile; fileRef = 4CB812D516A648F7008B08E0 /* MapViewController.xib */; };
		4CB812DC16A6494A008B08E0 /* ListViewController.m in Sources */ = {isa = PBXBuildFile; fileRef = 4CB812DA16A6494A008B08E0 /* ListViewController.m */; };
		4CB812DD16A6494A008B08E0 /* ListViewController.xib in Resources */ = {isa = PBXBuildFile; fileRef = 4CB812DB16A6494A008B08E0 /* ListViewController.xib */; };
		4CB812E516A68E02008B08E0 /* gradient-mapBar.png in Resources */ = {isa = PBXBuildFile; fileRef = 4CB812E316A68E02008B08E0 /* gradient-mapBar.png */; };
		4CB812E616A68E02008B08E0 /* gradient-mapBar@2x.png in Resources */ = {isa = PBXBuildFile; fileRef = 4CB812E416A68E02008B08E0 /* gradient-mapBar@2x.png */; };
		4CB812E916A691CD008B08E0 /* currentLocationAnotation.png in Resources */ = {isa = PBXBuildFile; fileRef = 4CB812E716A691CD008B08E0 /* currentLocationAnotation.png */; };
		4CB812EA16A691CD008B08E0 /* currentLocationAnotation@2x.png in Resources */ = {isa = PBXBuildFile; fileRef = 4CB812E816A691CD008B08E0 /* currentLocationAnotation@2x.png */; };
		4CB812F116A69DEA008B08E0 /* refreshIcon.png in Resources */ = {isa = PBXBuildFile; fileRef = 4CB812EF16A69DEA008B08E0 /* refreshIcon.png */; };
		4CB812F216A69DEA008B08E0 /* refreshIcon@2x.png in Resources */ = {isa = PBXBuildFile; fileRef = 4CB812F016A69DEA008B08E0 /* refreshIcon@2x.png */; };
		4CB88AD616A7B1F2007FE984 /* MapPointDetailsViewController.m in Sources */ = {isa = PBXBuildFile; fileRef = 4CB88AD416A7B1F2007FE984 /* MapPointDetailsViewController.m */; };
		4CB88AD716A7B1F2007FE984 /* MapPointDetailsViewController.xib in Resources */ = {isa = PBXBuildFile; fileRef = 4CB88AD516A7B1F2007FE984 /* MapPointDetailsViewController.xib */; };
/* End PBXBuildFile section */

/* Begin PBXFileReference section */
		4CB812A816A64359008B08E0 /* TestiOS6Maps.app */ = {isa = PBXFileReference; explicitFileType = wrapper.application; includeInIndex = 0; path = TestiOS6Maps.app; sourceTree = BUILT_PRODUCTS_DIR; };
		4CB812AC16A64359008B08E0 /* UIKit.framework */ = {isa = PBXFileReference; lastKnownFileType = wrapper.framework; name = UIKit.framework; path = System/Library/Frameworks/UIKit.framework; sourceTree = SDKROOT; };
		4CB812AE16A64359008B08E0 /* Foundation.framework */ = {isa = PBXFileReference; lastKnownFileType = wrapper.framework; name = Foundation.framework; path = System/Library/Frameworks/Foundation.framework; sourceTree = SDKROOT; };
		4CB812B016A64359008B08E0 /* CoreGraphics.framework */ = {isa = PBXFileReference; lastKnownFileType = wrapper.framework; name = CoreGraphics.framework; path = System/Library/Frameworks/CoreGraphics.framework; sourceTree = SDKROOT; };
		4CB812B416A64359008B08E0 /* TestiOS6Maps-Info.plist */ = {isa = PBXFileReference; lastKnownFileType = text.plist.xml; path = "TestiOS6Maps-Info.plist"; sourceTree = "<group>"; };
		4CB812B616A64359008B08E0 /* en */ = {isa = PBXFileReference; lastKnownFileType = text.plist.strings; name = en; path = en.lproj/InfoPlist.strings; sourceTree = "<group>"; };
		4CB812B816A64359008B08E0 /* main.m */ = {isa = PBXFileReference; lastKnownFileType = sourcecode.c.objc; path = main.m; sourceTree = "<group>"; };
		4CB812BA16A64359008B08E0 /* TestiOS6Maps-Prefix.pch */ = {isa = PBXFileReference; lastKnownFileType = sourcecode.c.h; path = "TestiOS6Maps-Prefix.pch"; sourceTree = "<group>"; };
		4CB812BB16A64359008B08E0 /* AppDelegate.h */ = {isa = PBXFileReference; lastKnownFileType = sourcecode.c.h; path = AppDelegate.h; sourceTree = "<group>"; };
		4CB812BC16A64359008B08E0 /* AppDelegate.m */ = {isa = PBXFileReference; lastKnownFileType = sourcecode.c.objc; path = AppDelegate.m; sourceTree = "<group>"; };
		4CB812BE16A64359008B08E0 /* Default.png */ = {isa = PBXFileReference; lastKnownFileType = image.png; path = Default.png; sourceTree = "<group>"; };
		4CB812C016A6435A008B08E0 /* Default@2x.png */ = {isa = PBXFileReference; lastKnownFileType = image.png; path = "Default@2x.png"; sourceTree = "<group>"; };
		4CB812C216A6435A008B08E0 /* Default-568h@2x.png */ = {isa = PBXFileReference; lastKnownFileType = image.png; path = "Default-568h@2x.png"; sourceTree = "<group>"; };
		4CB812C416A6435A008B08E0 /* ViewController.h */ = {isa = PBXFileReference; lastKnownFileType = sourcecode.c.h; path = ViewController.h; sourceTree = "<group>"; };
		4CB812C516A6435A008B08E0 /* ViewController.m */ = {isa = PBXFileReference; lastKnownFileType = sourcecode.c.objc; path = ViewController.m; sourceTree = "<group>"; };
		4CB812C816A6435A008B08E0 /* en */ = {isa = PBXFileReference; lastKnownFileType = file.xib; name = en; path = en.lproj/ViewController.xib; sourceTree = "<group>"; };
		4CB812CF16A6479A008B08E0 /* MapKit.framework */ = {isa = PBXFileReference; lastKnownFileType = wrapper.framework; name = MapKit.framework; path = System/Library/Frameworks/MapKit.framework; sourceTree = SDKROOT; };
		4CB812D316A648F7008B08E0 /* MapViewController.h */ = {isa = PBXFileReference; fileEncoding = 4; lastKnownFileType = sourcecode.c.h; path = MapViewController.h; sourceTree = "<group>"; };
		4CB812D416A648F7008B08E0 /* MapViewController.m */ = {isa = PBXFileReference; fileEncoding = 4; lastKnownFileType = sourcecode.c.objc; path = MapViewController.m; sourceTree = "<group>"; };
		4CB812D516A648F7008B08E0 /* MapViewController.xib */ = {isa = PBXFileReference; fileEncoding = 4; lastKnownFileType = file.xib; path = MapViewController.xib; sourceTree = "<group>"; };
		4CB812D916A6494A008B08E0 /* ListViewController.h */ = {isa = PBXFileReference; fileEncoding = 4; lastKnownFileType = sourcecode.c.h; path = ListViewController.h; sourceTree = "<group>"; };
		4CB812DA16A6494A008B08E0 /* ListViewController.m */ = {isa = PBXFileReference; fileEncoding = 4; lastKnownFileType = sourcecode.c.objc; path = ListViewController.m; sourceTree = "<group>"; };
		4CB812DB16A6494A008B08E0 /* ListViewController.xib */ = {isa = PBXFileReference; fileEncoding = 4; lastKnownFileType = file.xib; path = ListViewController.xib; sourceTree = "<group>"; };
		4CB812E316A68E02008B08E0 /* gradient-mapBar.png */ = {isa = PBXFileReference; lastKnownFileType = image.png; path = "gradient-mapBar.png"; sourceTree = "<group>"; };
		4CB812E416A68E02008B08E0 /* gradient-mapBar@2x.png */ = {isa = PBXFileReference; lastKnownFileType = image.png; path = "gradient-mapBar@2x.png"; sourceTree = "<group>"; };
		4CB812E716A691CD008B08E0 /* currentLocationAnotation.png */ = {isa = PBXFileReference; lastKnownFileType = image.png; path = currentLocationAnotation.png; sourceTree = "<group>"; };
		4CB812E816A691CD008B08E0 /* currentLocationAnotation@2x.png */ = {isa = PBXFileReference; lastKnownFileType = image.png; path = "currentLocationAnotation@2x.png"; sourceTree = "<group>"; };
		4CB812EF16A69DEA008B08E0 /* refreshIcon.png */ = {isa = PBXFileReference; lastKnownFileType = image.png; path = refreshIcon.png; sourceTree = "<group>"; };
		4CB812F016A69DEA008B08E0 /* refreshIcon@2x.png */ = {isa = PBXFileReference; lastKnownFileType = image.png; path = "refreshIcon@2x.png"; sourceTree = "<group>"; };
		4CB88AD316A7B1F2007FE984 /* MapPointDetailsViewController.h */ = {isa = PBXFileReference; fileEncoding = 4; lastKnownFileType = sourcecode.c.h; path = MapPointDetailsViewController.h; sourceTree = "<group>"; };
		4CB88AD416A7B1F2007FE984 /* MapPointDetailsViewController.m */ = {isa = PBXFileReference; fileEncoding = 4; lastKnownFileType = sourcecode.c.objc; path = MapPointDetailsViewController.m; sourceTree = "<group>"; };
		4CB88AD516A7B1F2007FE984 /* MapPointDetailsViewController.xib */ = {isa = PBXFileReference; fileEncoding = 4; lastKnownFileType = file.xib; path = MapPointDetailsViewController.xib; sourceTree = "<group>"; };
/* End PBXFileReference section */

/* Begin PBXFrameworksBuildPhase section */
		4CB812A516A64359008B08E0 /* Frameworks */ = {
			isa = PBXFrameworksBuildPhase;
			buildActionMask = 2147483647;
			files = (
				4CB812D016A6479A008B08E0 /* MapKit.framework in Frameworks */,
				4CB812AD16A64359008B08E0 /* UIKit.framework in Frameworks */,
				4CB812AF16A64359008B08E0 /* Foundation.framework in Frameworks */,
				4CB812B116A64359008B08E0 /* CoreGraphics.framework in Frameworks */,
			);
			runOnlyForDeploymentPostprocessing = 0;
		};
/* End PBXFrameworksBuildPhase section */

/* Begin PBXGroup section */
		4CB8129D16A64359008B08E0 = {
			isa = PBXGroup;
			children = (
				4CB812E216A68DA7008B08E0 /* Images */,
				4CB812CF16A6479A008B08E0 /* MapKit.framework */,
				4CB812B216A64359008B08E0 /* TestiOS6Maps */,
				4CB812AB16A64359008B08E0 /* Frameworks */,
				4CB812A916A64359008B08E0 /* Products */,
			);
			sourceTree = "<group>";
		};
		4CB812A916A64359008B08E0 /* Products */ = {
			isa = PBXGroup;
			children = (
				4CB812A816A64359008B08E0 /* TestiOS6Maps.app */,
			);
			name = Products;
			sourceTree = "<group>";
		};
		4CB812AB16A64359008B08E0 /* Frameworks */ = {
			isa = PBXGroup;
			children = (
				4CB812AC16A64359008B08E0 /* UIKit.framework */,
				4CB812AE16A64359008B08E0 /* Foundation.framework */,
				4CB812B016A64359008B08E0 /* CoreGraphics.framework */,
			);
			name = Frameworks;
			sourceTree = "<group>";
		};
		4CB812B216A64359008B08E0 /* TestiOS6Maps */ = {
			isa = PBXGroup;
			children = (
				4CB88AD116A7B1D3007FE984 /* MapPointDetails View */,
				4CB812BB16A64359008B08E0 /* AppDelegate.h */,
				4CB812BC16A64359008B08E0 /* AppDelegate.m */,
				4CB812D816A64939008B08E0 /* List View */,
				4CB812D216A648E6008B08E0 /* Map View */,
				4CB812D116A648D3008B08E0 /* TabBarController */,
				4CB812B316A64359008B08E0 /* Supporting Files */,
			);
			path = TestiOS6Maps;
			sourceTree = "<group>";
		};
		4CB812B316A64359008B08E0 /* Supporting Files */ = {
			isa = PBXGroup;
			children = (
				4CB812B416A64359008B08E0 /* TestiOS6Maps-Info.plist */,
				4CB812B516A64359008B08E0 /* InfoPlist.strings */,
				4CB812B816A64359008B08E0 /* main.m */,
				4CB812BA16A64359008B08E0 /* TestiOS6Maps-Prefix.pch */,
				4CB812BE16A64359008B08E0 /* Default.png */,
				4CB812C016A6435A008B08E0 /* Default@2x.png */,
				4CB812C216A6435A008B08E0 /* Default-568h@2x.png */,
			);
			name = "Supporting Files";
			sourceTree = "<group>";
		};
		4CB812D116A648D3008B08E0 /* TabBarController */ = {
			isa = PBXGroup;
			children = (
				4CB812C416A6435A008B08E0 /* ViewController.h */,
				4CB812C516A6435A008B08E0 /* ViewController.m */,
				4CB812C716A6435A008B08E0 /* ViewController.xib */,
			);
			name = TabBarController;
			sourceTree = "<group>";
		};
		4CB812D216A648E6008B08E0 /* Map View */ = {
			isa = PBXGroup;
			children = (
				4CB812D316A648F7008B08E0 /* MapViewController.h */,
				4CB812D416A648F7008B08E0 /* MapViewController.m */,
				4CB812D516A648F7008B08E0 /* MapViewController.xib */,
			);
			name = "Map View";
			sourceTree = "<group>";
		};
		4CB812D816A64939008B08E0 /* List View */ = {
			isa = PBXGroup;
			children = (
				4CB812D916A6494A008B08E0 /* ListViewController.h */,
				4CB812DA16A6494A008B08E0 /* ListViewController.m */,
				4CB812DB16A6494A008B08E0 /* ListViewController.xib */,
			);
			name = "List View";
			sourceTree = "<group>";
		};
		4CB812E216A68DA7008B08E0 /* Images */ = {
			isa = PBXGroup;
			children = (
				4CB812EF16A69DEA008B08E0 /* refreshIcon.png */,
				4CB812F016A69DEA008B08E0 /* refreshIcon@2x.png */,
				4CB812E716A691CD008B08E0 /* currentLocationAnotation.png */,
				4CB812E816A691CD008B08E0 /* currentLocationAnotation@2x.png */,
				4CB812E316A68E02008B08E0 /* gradient-mapBar.png */,
				4CB812E416A68E02008B08E0 /* gradient-mapBar@2x.png */,
			);
			name = Images;
			sourceTree = "<group>";
		};
		4CB88AD116A7B1D3007FE984 /* MapPointDetails View */ = {
			isa = PBXGroup;
			children = (
				4CB88AD316A7B1F2007FE984 /* MapPointDetailsViewController.h */,
				4CB88AD416A7B1F2007FE984 /* MapPointDetailsViewController.m */,
				4CB88AD516A7B1F2007FE984 /* MapPointDetailsViewController.xib */,
			);
			name = "MapPointDetails View";
			sourceTree = "<group>";
		};
/* End PBXGroup section */

/* Begin PBXNativeTarget section */
		4CB812A716A64359008B08E0 /* TestiOS6Maps */ = {
			isa = PBXNativeTarget;
			buildConfigurationList = 4CB812CC16A6435A008B08E0 /* Build configuration list for PBXNativeTarget "TestiOS6Maps" */;
			buildPhases = (
				4CB812A416A64359008B08E0 /* Sources */,
				4CB812A516A64359008B08E0 /* Frameworks */,
				4CB812A616A64359008B08E0 /* Resources */,
			);
			buildRules = (
			);
			dependencies = (
			);
			name = TestiOS6Maps;
			productName = TestiOS6Maps;
			productReference = 4CB812A816A64359008B08E0 /* TestiOS6Maps.app */;
			productType = "com.apple.product-type.application";
		};
/* End PBXNativeTarget section */

/* Begin PBXProject section */
		4CB8129F16A64359008B08E0 /* Project object */ = {
			isa = PBXProject;
			attributes = {
				LastUpgradeCheck = 0450;
				ORGANIZATIONNAME = pparreno;
			};
			buildConfigurationList = 4CB812A216A64359008B08E0 /* Build configuration list for PBXProject "TestiOS6Maps" */;
			compatibilityVersion = "Xcode 3.2";
			developmentRegion = English;
			hasScannedForEncodings = 0;
			knownRegions = (
				en,
			);
			mainGroup = 4CB8129D16A64359008B08E0;
			productRefGroup = 4CB812A916A64359008B08E0 /* Products */;
			projectDirPath = "";
			projectRoot = "";
			targets = (
				4CB812A716A64359008B08E0 /* TestiOS6Maps */,
			);
		};
/* End PBXProject section */

/* Begin PBXResourcesBuildPhase section */
		4CB812A616A64359008B08E0 /* Resources */ = {
			isa = PBXResourcesBuildPhase;
			buildActionMask = 2147483647;
			files = (
				4CB812B716A64359008B08E0 /* InfoPlist.strings in Resources */,
				4CB812BF16A64359008B08E0 /* Default.png in Resources */,
				4CB812C116A6435A008B08E0 /* Default@2x.png in Resources */,
				4CB812C316A6435A008B08E0 /* Default-568h@2x.png in Resources */,
				4CB812C916A6435A008B08E0 /* ViewController.xib in Resources */,
				4CB812D716A648F7008B08E0 /* MapViewController.xib in Resources */,
				4CB812DD16A6494A008B08E0 /* ListViewController.xib in Resources */,
				4CB812E516A68E02008B08E0 /* gradient-mapBar.png in Resources */,
				4CB812E616A68E02008B08E0 /* gradient-mapBar@2x.png in Resources */,
				4CB812E916A691CD008B08E0 /* currentLocationAnotation.png in Resources */,
				4CB812EA16A691CD008B08E0 /* currentLocationAnotation@2x.png in Resources */,
				4CB812F116A69DEA008B08E0 /* refreshIcon.png in Resources */,
				4CB812F216A69DEA008B08E0 /* refreshIcon@2x.png in Resources */,
				4CB88AD716A7B1F2007FE984 /* MapPointDetailsViewController.xib in Resources */,
			);
			runOnlyForDeploymentPostprocessing = 0;
		};
/* End PBXResourcesBuildPhase section */

/* Begin PBXSourcesBuildPhase section */
		4CB812A416A64359008B08E0 /* Sources */ = {
			isa = PBXSourcesBuildPhase;
			buildActionMask = 2147483647;
			files = (
				4CB812B916A64359008B08E0 /* main.m in Sources */,
				4CB812BD16A64359008B08E0 /* AppDelegate.m in Sources */,
				4CB812C616A6435A008B08E0 /* ViewController.m in Sources */,
				4CB812D616A648F7008B08E0 /* MapViewController.m in Sources */,
				4CB812DC16A6494A008B08E0 /* ListViewController.m in Sources */,
				4CB88AD616A7B1F2007FE984 /* MapPointDetailsViewController.m in Sources */,
			);
			runOnlyForDeploymentPostprocessing = 0;
		};
/* End PBXSourcesBuildPhase section */

/* Begin PBXVariantGroup section */
		4CB812B516A64359008B08E0 /* InfoPlist.strings */ = {
			isa = PBXVariantGroup;
			children = (
				4CB812B616A64359008B08E0 /* en */,
			);
			name = InfoPlist.strings;
			sourceTree = "<group>";
		};
		4CB812C716A6435A008B08E0 /* ViewController.xib */ = {
			isa = PBXVariantGroup;
			children = (
				4CB812C816A6435A008B08E0 /* en */,
			);
			name = ViewController.xib;
			sourceTree = "<group>";
		};
/* End PBXVariantGroup section */

/* Begin XCBuildConfiguration section */
		4CB812CA16A6435A008B08E0 /* Debug */ = {
			isa = XCBuildConfiguration;
			buildSettings = {
				ALWAYS_SEARCH_USER_PATHS = NO;
				CLANG_CXX_LANGUAGE_STANDARD = "gnu++0x";
				CLANG_CXX_LIBRARY = "libc++";
				CLANG_ENABLE_OBJC_ARC = YES;
				CLANG_WARN_EMPTY_BODY = YES;
				CLANG_WARN__DUPLICATE_METHOD_MATCH = YES;
				"CODE_SIGN_IDENTITY[sdk=iphoneos*]" = "iPhone Developer";
				COPY_PHASE_STRIP = NO;
				GCC_C_LANGUAGE_STANDARD = gnu99;
				GCC_DYNAMIC_NO_PIC = NO;
				GCC_OPTIMIZATION_LEVEL = 0;
				GCC_PREPROCESSOR_DEFINITIONS = (
					"DEBUG=1",
					"$(inherited)",
				);
				GCC_SYMBOLS_PRIVATE_EXTERN = NO;
				GCC_WARN_ABOUT_RETURN_TYPE = YES;
				GCC_WARN_UNINITIALIZED_AUTOS = YES;
				GCC_WARN_UNUSED_VARIABLE = YES;
				IPHONEOS_DEPLOYMENT_TARGET = 6.0;
				SDKROOT = iphoneos;
			};
			name = Debug;
		};
		4CB812CB16A6435A008B08E0 /* Release */ = {
			isa = XCBuildConfiguration;
			buildSettings = {
				ALWAYS_SEARCH_USER_PATHS = NO;
				CLANG_CXX_LANGUAGE_STANDARD = "gnu++0x";
				CLANG_CXX_LIBRARY = "libc++";
				CLANG_ENABLE_OBJC_ARC = YES;
				CLANG_WARN_EMPTY_BODY = YES;
				CLANG_WARN__DUPLICATE_METHOD_MATCH = YES;
				"CODE_SIGN_IDENTITY[sdk=iphoneos*]" = "iPhone Developer";
				COPY_PHASE_STRIP = YES;
				GCC_C_LANGUAGE_STANDARD = gnu99;
				GCC_WARN_ABOUT_RETURN_TYPE = YES;
				GCC_WARN_UNINITIALIZED_AUTOS = YES;
				GCC_WARN_UNUSED_VARIABLE = YES;
				IPHONEOS_DEPLOYMENT_TARGET = 6.0;
				OTHER_CFLAGS = "-DNS_BLOCK_ASSERTIONS=1";
				SDKROOT = iphoneos;
				VALIDATE_PRODUCT = YES;
			};
			name = Release;
		};
		4CB812CD16A6435A008B08E0 /* Debug */ = {
			isa = XCBuildConfiguration;
			buildSettings = {
				ALWAYS_SEARCH_USER_PATHS = YES;
				GCC_PRECOMPILE_PREFIX_HEADER = YES;
				GCC_PREFIX_HEADER = "TestiOS6Maps/TestiOS6Maps-Prefix.pch";
				INFOPLIST_FILE = "TestiOS6Maps/TestiOS6Maps-Info.plist";
				OTHER_LDFLAGS = (
					"-all_load",
					"-fobjc-arc",
					"-ObjC",
				);
				PRODUCT_NAME = "$(TARGET_NAME)";
				USER_HEADER_SEARCH_PATHS = "BlocksKit/**";
				WRAPPER_EXTENSION = app;
			};
			name = Debug;
		};
		4CB812CE16A6435A008B08E0 /* Release */ = {
			isa = XCBuildConfiguration;
			buildSettings = {
				ALWAYS_SEARCH_USER_PATHS = YES;
				GCC_PRECOMPILE_PREFIX_HEADER = YES;
				GCC_PREFIX_HEADER = "TestiOS6Maps/TestiOS6Maps-Prefix.pch";
				INFOPLIST_FILE = "TestiOS6Maps/TestiOS6Maps-Info.plist";
				OTHER_LDFLAGS = (
					"-all_load",
					"-fobjc-arc",
					"-ObjC",
				);
				PRODUCT_NAME = "$(TARGET_NAME)";
				USER_HEADER_SEARCH_PATHS = "BlocksKit/**";
				WRAPPER_EXTENSION = app;
			};
			name = Release;
		};
/* End XCBuildConfiguration section */

/* Begin XCConfigurationList section */
		4CB812A216A64359008B08E0 /* Build configuration list for PBXProject "TestiOS6Maps" */ = {
			isa = XCConfigurationList;
			buildConfigurations = (
				4CB812CA16A6435A008B08E0 /* Debug */,
				4CB812CB16A6435A008B08E0 /* Release */,
			);
			defaultConfigurationIsVisible = 0;
			defaultConfigurationName = Release;
		};
		4CB812CC16A6435A008B08E0 /* Build configuration list for PBXNativeTarget "TestiOS6Maps" */ = {
			isa = XCConfigurationList;
			buildConfigurations = (
				4CB812CD16A6435A008B08E0 /* Debug */,
				4CB812CE16A6435A008B08E0 /* Release */,
			);
			defaultConfigurationIsVisible = 0;
			defaultConfigurationName = Release;
		};
/* End XCConfigurationList section */
	};
	rootObject = 4CB8129F16A64359008B08E0 /* Project object */;
}
